
Microsoft Visual Studio Solution File, Format Version 12.00
# Visual Studio Version 16
VisualStudioVersion = 16.0.30330.147
MinimumVisualStudioVersion = 10.0.40219.1
Project("{FAE04EC0-301F-11D3-BF4B-00C04F79EFBC}") = "LPWeb", "LPWeb.csproj", "{0855AA14-A017-4647-905B-D1A67E19851E}"
EndProject
Global
	GlobalSection(SolutionConfigurationPlatforms) = preSolution
		Debug|Any CPU = Debug|Any CPU
		Release|Any CPU = Release|Any CPU
	EndGlobalSection
	GlobalSection(ProjectConfigurationPlatforms) = postSolution
		{0855AA14-A017-4647-905B-D1A67E19851E}.Debug|Any CPU.ActiveCfg = Debug|Any CPU
		{0855AA14-A017-4647-905B-D1A67E19851E}.Debug|Any CPU.Build.0 = Debug|Any CPU
		{0855AA14-A017-4647-905B-D1A67E19851E}.Release|Any CPU.ActiveCfg = Release|Any CPU
		{0855AA14-A017-4647-905B-D1A67E19851E}.Release|Any CPU.Build.0 = Release|Any CPU
	EndGlobalSection
	GlobalSection(SolutionProperties) = preSolution
		HideSolutionNode = FALSE
	EndGlobalSection
	GlobalSection(ExtensibilityGlobals) = postSolution
		SolutionGuid = {DE5CF574-2190-4040-9519-FEADE0FC3B9D}
	EndGlobalSection
EndGlobal
