
Microsoft Visual Studio Solution File, Format Version 12.00
# Visual Studio 15
VisualStudioVersion = 15.0.28010.2016
MinimumVisualStudioVersion = 10.0.40219.1
Project("{8BC9CEB8-8B4A-11D0-8D11-00A0C91BC942}") = "lp", "lp.vcxproj", "{F184BE18-A6FB-4734-9410-0C90436071BB}"
EndProject
Project("{8BC9CEB8-8B4A-11D0-8D11-00A0C91BC942}") = "wn", "..\wn\wn.vcxproj", "{3418BEA4-1048-4540-B8A7-FD229A7D3440}"
EndProject
Project("{8BC9CEB8-8B4A-11D0-8D11-00A0C91BC942}") = "yajl", "lloyd-yajl-66cb08c\yajl\yajl.vcxproj", "{6EC6C7A6-8472-4BA4-A47C-176D579C6904}"
EndProject
Global
	GlobalSection(SolutionConfigurationPlatforms) = preSolution
		ParseAllSources|Mixed Platforms = ParseAllSources|Mixed Platforms
		ParseAllSources|x64 = ParseAllSources|x64
		ParseAllSources|x86 = ParseAllSources|x86
		ParseTest(Optimized)|Mixed Platforms = ParseTest(Optimized)|Mixed Platforms
		ParseTest(Optimized)|x64 = ParseTest(Optimized)|x64
		ParseTest(Optimized)|x86 = ParseTest(Optimized)|x86
		RerunSingleSource|Mixed Platforms = RerunSingleSource|Mixed Platforms
		RerunSingleSource|x64 = RerunSingleSource|x64
		RerunSingleSource|x86 = RerunSingleSource|x86
	EndGlobalSection
	GlobalSection(ProjectConfigurationPlatforms) = postSolution
		{F184BE18-A6FB-4734-9410-0C90436071BB}.ParseAllSources|Mixed Platforms.ActiveCfg = ParseAllSources|Win32
		{F184BE18-A6FB-4734-9410-0C90436071BB}.ParseAllSources|Mixed Platforms.Build.0 = ParseAllSources|Win32
		{F184BE18-A6FB-4734-9410-0C90436071BB}.ParseAllSources|x64.ActiveCfg = ParseAllSources|x64
		{F184BE18-A6FB-4734-9410-0C90436071BB}.ParseAllSources|x64.Build.0 = ParseAllSources|x64
		{F184BE18-A6FB-4734-9410-0C90436071BB}.ParseAllSources|x86.ActiveCfg = ParseAllSources|Win32
		{F184BE18-A6FB-4734-9410-0C90436071BB}.ParseAllSources|x86.Build.0 = ParseAllSources|Win32
		{F184BE18-A6FB-4734-9410-0C90436071BB}.ParseTest(Optimized)|Mixed Platforms.ActiveCfg = ParseTest(Optimized)|Win32
		{F184BE18-A6FB-4734-9410-0C90436071BB}.ParseTest(Optimized)|Mixed Platforms.Build.0 = ParseTest(Optimized)|Win32
		{F184BE18-A6FB-4734-9410-0C90436071BB}.ParseTest(Optimized)|x64.ActiveCfg = ParseTest(Optimized)|x64
		{F184BE18-A6FB-4734-9410-0C90436071BB}.ParseTest(Optimized)|x64.Build.0 = ParseTest(Optimized)|x64
		{F184BE18-A6FB-4734-9410-0C90436071BB}.ParseTest(Optimized)|x86.ActiveCfg = ParseTest(Optimized)|Win32
		{F184BE18-A6FB-4734-9410-0C90436071BB}.ParseTest(Optimized)|x86.Build.0 = ParseTest(Optimized)|Win32
		{F184BE18-A6FB-4734-9410-0C90436071BB}.RerunSingleSource|Mixed Platforms.ActiveCfg = RerunSingleSource|Win32
		{F184BE18-A6FB-4734-9410-0C90436071BB}.RerunSingleSource|Mixed Platforms.Build.0 = RerunSingleSource|Win32
		{F184BE18-A6FB-4734-9410-0C90436071BB}.RerunSingleSource|x64.ActiveCfg = RerunSingleSource|x64
		{F184BE18-A6FB-4734-9410-0C90436071BB}.RerunSingleSource|x64.Build.0 = RerunSingleSource|x64
		{F184BE18-A6FB-4734-9410-0C90436071BB}.RerunSingleSource|x86.ActiveCfg = RerunSingleSource|Win32
		{F184BE18-A6FB-4734-9410-0C90436071BB}.RerunSingleSource|x86.Build.0 = RerunSingleSource|Win32
		{3418BEA4-1048-4540-B8A7-FD229A7D3440}.ParseAllSources|Mixed Platforms.ActiveCfg = ParseAllSources|Win32
		{3418BEA4-1048-4540-B8A7-FD229A7D3440}.ParseAllSources|Mixed Platforms.Build.0 = ParseAllSources|Win32
		{3418BEA4-1048-4540-B8A7-FD229A7D3440}.ParseAllSources|x64.ActiveCfg = ParseAllSources|x64
		{3418BEA4-1048-4540-B8A7-FD229A7D3440}.ParseAllSources|x64.Build.0 = ParseAllSources|x64
		{3418BEA4-1048-4540-B8A7-FD229A7D3440}.ParseAllSources|x86.ActiveCfg = ParseAllSources|Win32
		{3418BEA4-1048-4540-B8A7-FD229A7D3440}.ParseAllSources|x86.Build.0 = ParseAllSources|Win32
		{3418BEA4-1048-4540-B8A7-FD229A7D3440}.ParseTest(Optimized)|Mixed Platforms.ActiveCfg = ParseTest(Optimized)|Win32
		{3418BEA4-1048-4540-B8A7-FD229A7D3440}.ParseTest(Optimized)|Mixed Platforms.Build.0 = ParseTest(Optimized)|Win32
		{3418BEA4-1048-4540-B8A7-FD229A7D3440}.ParseTest(Optimized)|x64.ActiveCfg = ParseTest(Optimized)|x64
		{3418BEA4-1048-4540-B8A7-FD229A7D3440}.ParseTest(Optimized)|x64.Build.0 = ParseTest(Optimized)|x64
		{3418BEA4-1048-4540-B8A7-FD229A7D3440}.ParseTest(Optimized)|x86.ActiveCfg = ParseTest(Optimized)|Win32
		{3418BEA4-1048-4540-B8A7-FD229A7D3440}.ParseTest(Optimized)|x86.Build.0 = ParseTest(Optimized)|Win32
		{3418BEA4-1048-4540-B8A7-FD229A7D3440}.RerunSingleSource|Mixed Platforms.ActiveCfg = RerunSingleSource|Win32
		{3418BEA4-1048-4540-B8A7-FD229A7D3440}.RerunSingleSource|Mixed Platforms.Build.0 = RerunSingleSource|Win32
		{3418BEA4-1048-4540-B8A7-FD229A7D3440}.RerunSingleSource|x64.ActiveCfg = RerunSingleSource|x64
		{3418BEA4-1048-4540-B8A7-FD229A7D3440}.RerunSingleSource|x64.Build.0 = RerunSingleSource|x64
		{3418BEA4-1048-4540-B8A7-FD229A7D3440}.RerunSingleSource|x86.ActiveCfg = RerunSingleSource|Win32
		{3418BEA4-1048-4540-B8A7-FD229A7D3440}.RerunSingleSource|x86.Build.0 = RerunSingleSource|Win32
		{6EC6C7A6-8472-4BA4-A47C-176D579C6904}.ParseAllSources|Mixed Platforms.ActiveCfg = ParseAllSources|Win32
		{6EC6C7A6-8472-4BA4-A47C-176D579C6904}.ParseAllSources|Mixed Platforms.Build.0 = ParseAllSources|Win32
		{6EC6C7A6-8472-4BA4-A47C-176D579C6904}.ParseAllSources|x64.ActiveCfg = ParseAllSources|x64
		{6EC6C7A6-8472-4BA4-A47C-176D579C6904}.ParseAllSources|x64.Build.0 = ParseAllSources|x64
		{6EC6C7A6-8472-4BA4-A47C-176D579C6904}.ParseAllSources|x86.ActiveCfg = ParseAllSources|Win32
		{6EC6C7A6-8472-4BA4-A47C-176D579C6904}.ParseAllSources|x86.Build.0 = ParseAllSources|Win32
		{6EC6C7A6-8472-4BA4-A47C-176D579C6904}.ParseTest(Optimized)|Mixed Platforms.ActiveCfg = ParseTest(Optimized)|Win32
		{6EC6C7A6-8472-4BA4-A47C-176D579C6904}.ParseTest(Optimized)|Mixed Platforms.Build.0 = ParseTest(Optimized)|Win32
		{6EC6C7A6-8472-4BA4-A47C-176D579C6904}.ParseTest(Optimized)|x64.ActiveCfg = ParseTest(Optimized)|x64
		{6EC6C7A6-8472-4BA4-A47C-176D579C6904}.ParseTest(Optimized)|x64.Build.0 = ParseTest(Optimized)|x64
		{6EC6C7A6-8472-4BA4-A47C-176D579C6904}.ParseTest(Optimized)|x86.ActiveCfg = ParseTest(Optimized)|Win32
		{6EC6C7A6-8472-4BA4-A47C-176D579C6904}.ParseTest(Optimized)|x86.Build.0 = ParseTest(Optimized)|Win32
		{6EC6C7A6-8472-4BA4-A47C-176D579C6904}.RerunSingleSource|Mixed Platforms.ActiveCfg = RerunSingleSource|Win32
		{6EC6C7A6-8472-4BA4-A47C-176D579C6904}.RerunSingleSource|Mixed Platforms.Build.0 = RerunSingleSource|Win32
		{6EC6C7A6-8472-4BA4-A47C-176D579C6904}.RerunSingleSource|x64.ActiveCfg = RerunSingleSource|x64
		{6EC6C7A6-8472-4BA4-A47C-176D579C6904}.RerunSingleSource|x64.Build.0 = RerunSingleSource|x64
		{6EC6C7A6-8472-4BA4-A47C-176D579C6904}.RerunSingleSource|x86.ActiveCfg = RerunSingleSource|Win32
		{6EC6C7A6-8472-4BA4-A47C-176D579C6904}.RerunSingleSource|x86.Build.0 = RerunSingleSource|Win32
	EndGlobalSection
	GlobalSection(SolutionProperties) = preSolution
		HideSolutionNode = FALSE
	EndGlobalSection
	GlobalSection(ExtensibilityGlobals) = postSolution
		SolutionGuid = {F3C7140E-E175-4AE6-867D-6EF13B793995}
	EndGlobalSection
EndGlobal
