
Microsoft Visual Studio Solution File, Format Version 12.00
# Visual Studio 15
VisualStudioVersion = 15.0.28010.2016
MinimumVisualStudioVersion = 10.0.40219.1
Project("{8BC9CEB8-8B4A-11D0-8D11-00A0C91BC942}") = "lp", "lp.vcxproj", "{F184BE18-A6FB-4734-9410-0C90436071BB}"
EndProject
Project("{8BC9CEB8-8B4A-11D0-8D11-00A0C91BC942}") = "wn", "..\wn\wn.vcxproj", "{3418BEA4-1048-4540-B8A7-FD229A7D3440}"
EndProject
Project("{8BC9CEB8-8B4A-11D0-8D11-00A0C91BC942}") = "yajl", "lloyd-yajl-66cb08c\yajl\yajl.vcxproj", "{6EC6C7A6-8472-4BA4-A47C-176D579C6904}"
EndProject
Global
	GlobalSection(SolutionConfigurationPlatforms) = preSolution
		Debug|Mixed Platforms = Debug|Mixed Platforms
		Debug|x64 = Debug|x64
		Debug|x86 = Debug|x86
		Release|Mixed Platforms = Release|Mixed Platforms
		Release|x64 = Release|x64
		Release|x86 = Release|x86
		ReleaseOptimizationDisabled|Mixed Platforms = ReleaseOptimizationDisabled|Mixed Platforms
		ReleaseOptimizationDisabled|x64 = ReleaseOptimizationDisabled|x64
		ReleaseOptimizationDisabled|x86 = ReleaseOptimizationDisabled|x86
		ReleaseParseTest|Mixed Platforms = ReleaseParseTest|Mixed Platforms
		ReleaseParseTest|x64 = ReleaseParseTest|x64
		ReleaseParseTest|x86 = ReleaseParseTest|x86
		RerunSingleSource|Mixed Platforms = RerunSingleSource|Mixed Platforms
		RerunSingleSource|x64 = RerunSingleSource|x64
		RerunSingleSource|x86 = RerunSingleSource|x86
	EndGlobalSection
	GlobalSection(ProjectConfigurationPlatforms) = postSolution
		{F184BE18-A6FB-4734-9410-0C90436071BB}.Debug|Mixed Platforms.ActiveCfg = Debug|Win32
		{F184BE18-A6FB-4734-9410-0C90436071BB}.Debug|Mixed Platforms.Build.0 = Debug|Win32
		{F184BE18-A6FB-4734-9410-0C90436071BB}.Debug|x64.ActiveCfg = Debug|x64
		{F184BE18-A6FB-4734-9410-0C90436071BB}.Debug|x64.Build.0 = Debug|x64
		{F184BE18-A6FB-4734-9410-0C90436071BB}.Debug|x86.ActiveCfg = Debug|Win32
		{F184BE18-A6FB-4734-9410-0C90436071BB}.Debug|x86.Build.0 = Debug|Win32
		{F184BE18-A6FB-4734-9410-0C90436071BB}.Release|Mixed Platforms.ActiveCfg = Release|Win32
		{F184BE18-A6FB-4734-9410-0C90436071BB}.Release|Mixed Platforms.Build.0 = Release|Win32
		{F184BE18-A6FB-4734-9410-0C90436071BB}.Release|x64.ActiveCfg = Release|x64
		{F184BE18-A6FB-4734-9410-0C90436071BB}.Release|x64.Build.0 = Release|x64
		{F184BE18-A6FB-4734-9410-0C90436071BB}.Release|x86.ActiveCfg = Release|Win32
		{F184BE18-A6FB-4734-9410-0C90436071BB}.Release|x86.Build.0 = Release|Win32
		{F184BE18-A6FB-4734-9410-0C90436071BB}.ReleaseOptimizationDisabled|Mixed Platforms.ActiveCfg = ReleaseOptimizationDisabled|Win32
		{F184BE18-A6FB-4734-9410-0C90436071BB}.ReleaseOptimizationDisabled|Mixed Platforms.Build.0 = ReleaseOptimizationDisabled|Win32
		{F184BE18-A6FB-4734-9410-0C90436071BB}.ReleaseOptimizationDisabled|x64.ActiveCfg = ReleaseOptimizationDisabled|x64
		{F184BE18-A6FB-4734-9410-0C90436071BB}.ReleaseOptimizationDisabled|x64.Build.0 = ReleaseOptimizationDisabled|x64
		{F184BE18-A6FB-4734-9410-0C90436071BB}.ReleaseOptimizationDisabled|x86.ActiveCfg = ReleaseOptimizationDisabled|Win32
		{F184BE18-A6FB-4734-9410-0C90436071BB}.ReleaseOptimizationDisabled|x86.Build.0 = ReleaseOptimizationDisabled|Win32
		{F184BE18-A6FB-4734-9410-0C90436071BB}.ReleaseParseTest|Mixed Platforms.ActiveCfg = ReleaseParseTest|Win32
		{F184BE18-A6FB-4734-9410-0C90436071BB}.ReleaseParseTest|Mixed Platforms.Build.0 = ReleaseParseTest|Win32
		{F184BE18-A6FB-4734-9410-0C90436071BB}.ReleaseParseTest|x64.ActiveCfg = ReleaseParseTest|x64
		{F184BE18-A6FB-4734-9410-0C90436071BB}.ReleaseParseTest|x64.Build.0 = ReleaseParseTest|x64
		{F184BE18-A6FB-4734-9410-0C90436071BB}.ReleaseParseTest|x86.ActiveCfg = ReleaseParseTest|Win32
		{F184BE18-A6FB-4734-9410-0C90436071BB}.ReleaseParseTest|x86.Build.0 = ReleaseParseTest|Win32
		{F184BE18-A6FB-4734-9410-0C90436071BB}.RerunSingleSource|Mixed Platforms.ActiveCfg = Rerun21780|Win32
		{F184BE18-A6FB-4734-9410-0C90436071BB}.RerunSingleSource|Mixed Platforms.Build.0 = Rerun21780|Win32
		{F184BE18-A6FB-4734-9410-0C90436071BB}.RerunSingleSource|x64.ActiveCfg = Rerun21780|x64
		{F184BE18-A6FB-4734-9410-0C90436071BB}.RerunSingleSource|x64.Build.0 = Rerun21780|x64
		{F184BE18-A6FB-4734-9410-0C90436071BB}.RerunSingleSource|x86.ActiveCfg = Rerun21780|Win32
		{F184BE18-A6FB-4734-9410-0C90436071BB}.RerunSingleSource|x86.Build.0 = Rerun21780|Win32
		{3418BEA4-1048-4540-B8A7-FD229A7D3440}.Debug|Mixed Platforms.ActiveCfg = Debug|Win32
		{3418BEA4-1048-4540-B8A7-FD229A7D3440}.Debug|Mixed Platforms.Build.0 = Debug|Win32
		{3418BEA4-1048-4540-B8A7-FD229A7D3440}.Debug|x64.ActiveCfg = Debug|x64
		{3418BEA4-1048-4540-B8A7-FD229A7D3440}.Debug|x64.Build.0 = Debug|x64
		{3418BEA4-1048-4540-B8A7-FD229A7D3440}.Debug|x86.ActiveCfg = Debug|Win32
		{3418BEA4-1048-4540-B8A7-FD229A7D3440}.Debug|x86.Build.0 = Debug|Win32
		{3418BEA4-1048-4540-B8A7-FD229A7D3440}.Release|Mixed Platforms.ActiveCfg = Release|Win32
		{3418BEA4-1048-4540-B8A7-FD229A7D3440}.Release|Mixed Platforms.Build.0 = Release|Win32
		{3418BEA4-1048-4540-B8A7-FD229A7D3440}.Release|x64.ActiveCfg = Release|x64
		{3418BEA4-1048-4540-B8A7-FD229A7D3440}.Release|x64.Build.0 = Release|x64
		{3418BEA4-1048-4540-B8A7-FD229A7D3440}.Release|x86.ActiveCfg = Release|Win32
		{3418BEA4-1048-4540-B8A7-FD229A7D3440}.Release|x86.Build.0 = Release|Win32
		{3418BEA4-1048-4540-B8A7-FD229A7D3440}.ReleaseOptimizationDisabled|Mixed Platforms.ActiveCfg = ReleaseOptimizationDisabled|Win32
		{3418BEA4-1048-4540-B8A7-FD229A7D3440}.ReleaseOptimizationDisabled|Mixed Platforms.Build.0 = ReleaseOptimizationDisabled|Win32
		{3418BEA4-1048-4540-B8A7-FD229A7D3440}.ReleaseOptimizationDisabled|x64.ActiveCfg = ReleaseOptimizationDisabled|x64
		{3418BEA4-1048-4540-B8A7-FD229A7D3440}.ReleaseOptimizationDisabled|x64.Build.0 = ReleaseOptimizationDisabled|x64
		{3418BEA4-1048-4540-B8A7-FD229A7D3440}.ReleaseOptimizationDisabled|x86.ActiveCfg = ReleaseOptimizationDisabled|Win32
		{3418BEA4-1048-4540-B8A7-FD229A7D3440}.ReleaseOptimizationDisabled|x86.Build.0 = ReleaseOptimizationDisabled|Win32
		{3418BEA4-1048-4540-B8A7-FD229A7D3440}.ReleaseParseTest|Mixed Platforms.ActiveCfg = ReleaseParseTest|Win32
		{3418BEA4-1048-4540-B8A7-FD229A7D3440}.ReleaseParseTest|Mixed Platforms.Build.0 = ReleaseParseTest|Win32
		{3418BEA4-1048-4540-B8A7-FD229A7D3440}.ReleaseParseTest|x64.ActiveCfg = ReleaseParseTest|x64
		{3418BEA4-1048-4540-B8A7-FD229A7D3440}.ReleaseParseTest|x64.Build.0 = ReleaseParseTest|x64
		{3418BEA4-1048-4540-B8A7-FD229A7D3440}.ReleaseParseTest|x86.ActiveCfg = ReleaseParseTest|Win32
		{3418BEA4-1048-4540-B8A7-FD229A7D3440}.ReleaseParseTest|x86.Build.0 = ReleaseParseTest|Win32
		{3418BEA4-1048-4540-B8A7-FD229A7D3440}.RerunSingleSource|Mixed Platforms.ActiveCfg = Rerun21780|Win32
		{3418BEA4-1048-4540-B8A7-FD229A7D3440}.RerunSingleSource|Mixed Platforms.Build.0 = Rerun21780|Win32
		{3418BEA4-1048-4540-B8A7-FD229A7D3440}.RerunSingleSource|x64.ActiveCfg = Rerun21780|x64
		{3418BEA4-1048-4540-B8A7-FD229A7D3440}.RerunSingleSource|x64.Build.0 = Rerun21780|x64
		{3418BEA4-1048-4540-B8A7-FD229A7D3440}.RerunSingleSource|x86.ActiveCfg = Rerun21780|Win32
		{3418BEA4-1048-4540-B8A7-FD229A7D3440}.RerunSingleSource|x86.Build.0 = Rerun21780|Win32
		{6EC6C7A6-8472-4BA4-A47C-176D579C6904}.Debug|Mixed Platforms.ActiveCfg = Debug|Win32
		{6EC6C7A6-8472-4BA4-A47C-176D579C6904}.Debug|Mixed Platforms.Build.0 = Debug|Win32
		{6EC6C7A6-8472-4BA4-A47C-176D579C6904}.Debug|x64.ActiveCfg = Debug|x64
		{6EC6C7A6-8472-4BA4-A47C-176D579C6904}.Debug|x64.Build.0 = Debug|x64
		{6EC6C7A6-8472-4BA4-A47C-176D579C6904}.Debug|x86.ActiveCfg = Debug|Win32
		{6EC6C7A6-8472-4BA4-A47C-176D579C6904}.Debug|x86.Build.0 = Debug|Win32
		{6EC6C7A6-8472-4BA4-A47C-176D579C6904}.Release|Mixed Platforms.ActiveCfg = Release|Win32
		{6EC6C7A6-8472-4BA4-A47C-176D579C6904}.Release|Mixed Platforms.Build.0 = Release|Win32
		{6EC6C7A6-8472-4BA4-A47C-176D579C6904}.Release|x64.ActiveCfg = Release|x64
		{6EC6C7A6-8472-4BA4-A47C-176D579C6904}.Release|x64.Build.0 = Release|x64
		{6EC6C7A6-8472-4BA4-A47C-176D579C6904}.Release|x86.ActiveCfg = Release|Win32
		{6EC6C7A6-8472-4BA4-A47C-176D579C6904}.Release|x86.Build.0 = Release|Win32
		{6EC6C7A6-8472-4BA4-A47C-176D579C6904}.ReleaseOptimizationDisabled|Mixed Platforms.ActiveCfg = ReleaseOptimizationDisabled|Win32
		{6EC6C7A6-8472-4BA4-A47C-176D579C6904}.ReleaseOptimizationDisabled|Mixed Platforms.Build.0 = ReleaseOptimizationDisabled|Win32
		{6EC6C7A6-8472-4BA4-A47C-176D579C6904}.ReleaseOptimizationDisabled|x64.ActiveCfg = ReleaseOptimizationDisabled|x64
		{6EC6C7A6-8472-4BA4-A47C-176D579C6904}.ReleaseOptimizationDisabled|x64.Build.0 = ReleaseOptimizationDisabled|x64
		{6EC6C7A6-8472-4BA4-A47C-176D579C6904}.ReleaseOptimizationDisabled|x86.ActiveCfg = ReleaseOptimizationDisabled|Win32
		{6EC6C7A6-8472-4BA4-A47C-176D579C6904}.ReleaseOptimizationDisabled|x86.Build.0 = ReleaseOptimizationDisabled|Win32
		{6EC6C7A6-8472-4BA4-A47C-176D579C6904}.ReleaseParseTest|Mixed Platforms.ActiveCfg = ReleaseParseTest|Win32
		{6EC6C7A6-8472-4BA4-A47C-176D579C6904}.ReleaseParseTest|Mixed Platforms.Build.0 = ReleaseParseTest|Win32
		{6EC6C7A6-8472-4BA4-A47C-176D579C6904}.ReleaseParseTest|x64.ActiveCfg = ReleaseParseTest|x64
		{6EC6C7A6-8472-4BA4-A47C-176D579C6904}.ReleaseParseTest|x64.Build.0 = ReleaseParseTest|x64
		{6EC6C7A6-8472-4BA4-A47C-176D579C6904}.ReleaseParseTest|x86.ActiveCfg = ReleaseParseTest|Win32
		{6EC6C7A6-8472-4BA4-A47C-176D579C6904}.ReleaseParseTest|x86.Build.0 = ReleaseParseTest|Win32
		{6EC6C7A6-8472-4BA4-A47C-176D579C6904}.RerunSingleSource|Mixed Platforms.ActiveCfg = Rerun21780|Win32
		{6EC6C7A6-8472-4BA4-A47C-176D579C6904}.RerunSingleSource|Mixed Platforms.Build.0 = Rerun21780|Win32
		{6EC6C7A6-8472-4BA4-A47C-176D579C6904}.RerunSingleSource|x64.ActiveCfg = Rerun21780|x64
		{6EC6C7A6-8472-4BA4-A47C-176D579C6904}.RerunSingleSource|x64.Build.0 = Rerun21780|x64
		{6EC6C7A6-8472-4BA4-A47C-176D579C6904}.RerunSingleSource|x86.ActiveCfg = Rerun21780|Win32
		{6EC6C7A6-8472-4BA4-A47C-176D579C6904}.RerunSingleSource|x86.Build.0 = Rerun21780|Win32
	EndGlobalSection
	GlobalSection(SolutionProperties) = preSolution
		HideSolutionNode = FALSE
	EndGlobalSection
	GlobalSection(ExtensibilityGlobals) = postSolution
		SolutionGuid = {F3C7140E-E175-4AE6-867D-6EF13B793995}
	EndGlobalSection
EndGlobal
