
Microsoft Visual Studio Solution File, Format Version 12.00
# Visual Studio 15
VisualStudioVersion = 15.0.28307.438
MinimumVisualStudioVersion = 10.0.40219.1
Project("{8BC9CEB8-8B4A-11D0-8D11-00A0C91BC942}") = "CorpusAnalysis", "specials.vcxproj", "{082462F8-F409-4DE1-854A-1F654B517E71}"
EndProject
Project("{FAE04EC0-301F-11D3-BF4B-00C04F79EFBC}") = "DirectoryAnalysis", "DirectoryAnalysis\DirectoryAnalysis.csproj", "{76070E07-52D3-4F4D-97F6-F8D572E31E05}"
EndProject
Project("{FAE04EC0-301F-11D3-BF4B-00C04F79EFBC}") = "processGutenbergRDFtoSQL", "processGutenbergRDFtoSQL\processGutenbergRDFtoSQL.csproj", "{3114AED5-FCF2-44A2-B304-A5A02601D9B8}"
EndProject
Project("{8BC9CEB8-8B4A-11D0-8D11-00A0C91BC942}") = "checkTypes", "checkTypes\checkTypes.vcxproj", "{0976018C-FB91-4437-B862-B230C0DF4874}"
EndProject
Project("{8BC9CEB8-8B4A-11D0-8D11-00A0C91BC942}") = "convertPDFTextToDatabase", "convertPDFTextToDatabase\convertPDFTextToDatabase\convertPDFTextToDatabase.vcxproj", "{7CE71645-B149-4CA7-8ABE-36C2B576CF6A}"
EndProject
Global
	GlobalSection(SolutionConfigurationPlatforms) = preSolution
		GetWordFormsFromDictionary|Any CPU = GetWordFormsFromDictionary|Any CPU
		GetWordFormsFromDictionary|x64 = GetWordFormsFromDictionary|x64
		GetWordFormsFromDictionary|x86 = GetWordFormsFromDictionary|x86
		patternAnalysis|Any CPU = patternAnalysis|Any CPU
		patternAnalysis|x64 = patternAnalysis|x64
		patternAnalysis|x86 = patternAnalysis|x86
		StanfordCheckAllSources|Any CPU = StanfordCheckAllSources|Any CPU
		StanfordCheckAllSources|x64 = StanfordCheckAllSources|x64
		StanfordCheckAllSources|x86 = StanfordCheckAllSources|x86
		StanfordCheckParseTest|Any CPU = StanfordCheckParseTest|Any CPU
		StanfordCheckParseTest|x64 = StanfordCheckParseTest|x64
		StanfordCheckParseTest|x86 = StanfordCheckParseTest|x86
	EndGlobalSection
	GlobalSection(ProjectConfigurationPlatforms) = postSolution
		{082462F8-F409-4DE1-854A-1F654B517E71}.GetWordFormsFromDictionary|Any CPU.ActiveCfg = ReleaseGetWordFormsFromDictionary|Win32
		{082462F8-F409-4DE1-854A-1F654B517E71}.GetWordFormsFromDictionary|x64.ActiveCfg = ReleaseGetWordFormsFromDictionary|x64
		{082462F8-F409-4DE1-854A-1F654B517E71}.GetWordFormsFromDictionary|x64.Build.0 = ReleaseGetWordFormsFromDictionary|x64
		{082462F8-F409-4DE1-854A-1F654B517E71}.GetWordFormsFromDictionary|x86.ActiveCfg = ReleaseGetWordFormsFromDictionary|Win32
		{082462F8-F409-4DE1-854A-1F654B517E71}.GetWordFormsFromDictionary|x86.Build.0 = ReleaseGetWordFormsFromDictionary|Win32
		{082462F8-F409-4DE1-854A-1F654B517E71}.patternAnalysis|Any CPU.ActiveCfg = patternAnalysis|Win32
		{082462F8-F409-4DE1-854A-1F654B517E71}.patternAnalysis|x64.ActiveCfg = patternAnalysis|x64
		{082462F8-F409-4DE1-854A-1F654B517E71}.patternAnalysis|x64.Build.0 = patternAnalysis|x64
		{082462F8-F409-4DE1-854A-1F654B517E71}.patternAnalysis|x86.ActiveCfg = patternAnalysis|Win32
		{082462F8-F409-4DE1-854A-1F654B517E71}.patternAnalysis|x86.Build.0 = patternAnalysis|Win32
		{082462F8-F409-4DE1-854A-1F654B517E71}.StanfordCheckAllSources|Any CPU.ActiveCfg = Release|Win32
		{082462F8-F409-4DE1-854A-1F654B517E71}.StanfordCheckAllSources|x64.ActiveCfg = Release|x64
		{082462F8-F409-4DE1-854A-1F654B517E71}.StanfordCheckAllSources|x64.Build.0 = Release|x64
		{082462F8-F409-4DE1-854A-1F654B517E71}.StanfordCheckAllSources|x86.ActiveCfg = Release|Win32
		{082462F8-F409-4DE1-854A-1F654B517E71}.StanfordCheckAllSources|x86.Build.0 = Release|Win32
		{082462F8-F409-4DE1-854A-1F654B517E71}.StanfordCheckParseTest|Any CPU.ActiveCfg = ReleaseParseTest|Win32
		{082462F8-F409-4DE1-854A-1F654B517E71}.StanfordCheckParseTest|x64.ActiveCfg = ReleaseParseTest|x64
		{082462F8-F409-4DE1-854A-1F654B517E71}.StanfordCheckParseTest|x64.Build.0 = ReleaseParseTest|x64
		{082462F8-F409-4DE1-854A-1F654B517E71}.StanfordCheckParseTest|x86.ActiveCfg = ReleaseParseTest|Win32
		{082462F8-F409-4DE1-854A-1F654B517E71}.StanfordCheckParseTest|x86.Build.0 = ReleaseParseTest|Win32
		{76070E07-52D3-4F4D-97F6-F8D572E31E05}.GetWordFormsFromDictionary|Any CPU.ActiveCfg = ReleaseGetWordFormsFromDictionary|Any CPU
		{76070E07-52D3-4F4D-97F6-F8D572E31E05}.GetWordFormsFromDictionary|Any CPU.Build.0 = ReleaseGetWordFormsFromDictionary|Any CPU
		{76070E07-52D3-4F4D-97F6-F8D572E31E05}.GetWordFormsFromDictionary|x64.ActiveCfg = ReleaseGetWordFormsFromDictionary|Any CPU
		{76070E07-52D3-4F4D-97F6-F8D572E31E05}.GetWordFormsFromDictionary|x64.Build.0 = ReleaseGetWordFormsFromDictionary|Any CPU
		{76070E07-52D3-4F4D-97F6-F8D572E31E05}.GetWordFormsFromDictionary|x86.ActiveCfg = ReleaseGetWordFormsFromDictionary|Any CPU
		{76070E07-52D3-4F4D-97F6-F8D572E31E05}.GetWordFormsFromDictionary|x86.Build.0 = ReleaseGetWordFormsFromDictionary|Any CPU
		{76070E07-52D3-4F4D-97F6-F8D572E31E05}.patternAnalysis|Any CPU.ActiveCfg = patternAnalysis|Any CPU
		{76070E07-52D3-4F4D-97F6-F8D572E31E05}.patternAnalysis|Any CPU.Build.0 = patternAnalysis|Any CPU
		{76070E07-52D3-4F4D-97F6-F8D572E31E05}.patternAnalysis|x64.ActiveCfg = patternAnalysis|Any CPU
		{76070E07-52D3-4F4D-97F6-F8D572E31E05}.patternAnalysis|x64.Build.0 = patternAnalysis|Any CPU
		{76070E07-52D3-4F4D-97F6-F8D572E31E05}.patternAnalysis|x86.ActiveCfg = patternAnalysis|Any CPU
		{76070E07-52D3-4F4D-97F6-F8D572E31E05}.patternAnalysis|x86.Build.0 = patternAnalysis|Any CPU
		{76070E07-52D3-4F4D-97F6-F8D572E31E05}.StanfordCheckAllSources|Any CPU.ActiveCfg = Release|Any CPU
		{76070E07-52D3-4F4D-97F6-F8D572E31E05}.StanfordCheckAllSources|Any CPU.Build.0 = Release|Any CPU
		{76070E07-52D3-4F4D-97F6-F8D572E31E05}.StanfordCheckAllSources|x64.ActiveCfg = Release|Any CPU
		{76070E07-52D3-4F4D-97F6-F8D572E31E05}.StanfordCheckAllSources|x64.Build.0 = Release|Any CPU
		{76070E07-52D3-4F4D-97F6-F8D572E31E05}.StanfordCheckAllSources|x86.ActiveCfg = Release|Any CPU
		{76070E07-52D3-4F4D-97F6-F8D572E31E05}.StanfordCheckAllSources|x86.Build.0 = Release|Any CPU
		{76070E07-52D3-4F4D-97F6-F8D572E31E05}.StanfordCheckParseTest|Any CPU.ActiveCfg = ReleaseForDebugging|Any CPU
		{76070E07-52D3-4F4D-97F6-F8D572E31E05}.StanfordCheckParseTest|Any CPU.Build.0 = ReleaseForDebugging|Any CPU
		{76070E07-52D3-4F4D-97F6-F8D572E31E05}.StanfordCheckParseTest|x64.ActiveCfg = ReleaseForDebugging|Any CPU
		{76070E07-52D3-4F4D-97F6-F8D572E31E05}.StanfordCheckParseTest|x64.Build.0 = ReleaseForDebugging|Any CPU
		{76070E07-52D3-4F4D-97F6-F8D572E31E05}.StanfordCheckParseTest|x86.ActiveCfg = ReleaseForDebugging|Any CPU
		{76070E07-52D3-4F4D-97F6-F8D572E31E05}.StanfordCheckParseTest|x86.Build.0 = ReleaseForDebugging|Any CPU
		{3114AED5-FCF2-44A2-B304-A5A02601D9B8}.GetWordFormsFromDictionary|Any CPU.ActiveCfg = ReleaseGetWordFormsFromDictionary|x86
		{3114AED5-FCF2-44A2-B304-A5A02601D9B8}.GetWordFormsFromDictionary|x64.ActiveCfg = ReleaseGetWordFormsFromDictionary|x64
		{3114AED5-FCF2-44A2-B304-A5A02601D9B8}.GetWordFormsFromDictionary|x64.Build.0 = ReleaseGetWordFormsFromDictionary|x64
		{3114AED5-FCF2-44A2-B304-A5A02601D9B8}.GetWordFormsFromDictionary|x86.ActiveCfg = ReleaseGetWordFormsFromDictionary|x86
		{3114AED5-FCF2-44A2-B304-A5A02601D9B8}.GetWordFormsFromDictionary|x86.Build.0 = ReleaseGetWordFormsFromDictionary|x86
		{3114AED5-FCF2-44A2-B304-A5A02601D9B8}.patternAnalysis|Any CPU.ActiveCfg = patternAnalysis|x86
		{3114AED5-FCF2-44A2-B304-A5A02601D9B8}.patternAnalysis|x64.ActiveCfg = patternAnalysis|x64
		{3114AED5-FCF2-44A2-B304-A5A02601D9B8}.patternAnalysis|x64.Build.0 = patternAnalysis|x64
		{3114AED5-FCF2-44A2-B304-A5A02601D9B8}.patternAnalysis|x86.ActiveCfg = patternAnalysis|x86
		{3114AED5-FCF2-44A2-B304-A5A02601D9B8}.patternAnalysis|x86.Build.0 = patternAnalysis|x86
		{3114AED5-FCF2-44A2-B304-A5A02601D9B8}.StanfordCheckAllSources|Any CPU.ActiveCfg = Release|x86
		{3114AED5-FCF2-44A2-B304-A5A02601D9B8}.StanfordCheckAllSources|x64.ActiveCfg = Release|x64
		{3114AED5-FCF2-44A2-B304-A5A02601D9B8}.StanfordCheckAllSources|x64.Build.0 = Release|x64
		{3114AED5-FCF2-44A2-B304-A5A02601D9B8}.StanfordCheckAllSources|x86.ActiveCfg = Release|x86
		{3114AED5-FCF2-44A2-B304-A5A02601D9B8}.StanfordCheckAllSources|x86.Build.0 = Release|x86
		{3114AED5-FCF2-44A2-B304-A5A02601D9B8}.StanfordCheckParseTest|Any CPU.ActiveCfg = ReleaseForDebugging|x64
		{3114AED5-FCF2-44A2-B304-A5A02601D9B8}.StanfordCheckParseTest|Any CPU.Build.0 = ReleaseForDebugging|x64
		{3114AED5-FCF2-44A2-B304-A5A02601D9B8}.StanfordCheckParseTest|x64.ActiveCfg = ReleaseForDebugging|x64
		{3114AED5-FCF2-44A2-B304-A5A02601D9B8}.StanfordCheckParseTest|x64.Build.0 = ReleaseForDebugging|x64
		{3114AED5-FCF2-44A2-B304-A5A02601D9B8}.StanfordCheckParseTest|x86.ActiveCfg = ReleaseForDebugging|x86
		{3114AED5-FCF2-44A2-B304-A5A02601D9B8}.StanfordCheckParseTest|x86.Build.0 = ReleaseForDebugging|x86
		{0976018C-FB91-4437-B862-B230C0DF4874}.GetWordFormsFromDictionary|Any CPU.ActiveCfg = ReleaseGetWordFormsFromDictionary|Win32
		{0976018C-FB91-4437-B862-B230C0DF4874}.GetWordFormsFromDictionary|x64.ActiveCfg = ReleaseGetWordFormsFromDictionary|x64
		{0976018C-FB91-4437-B862-B230C0DF4874}.GetWordFormsFromDictionary|x64.Build.0 = ReleaseGetWordFormsFromDictionary|x64
		{0976018C-FB91-4437-B862-B230C0DF4874}.GetWordFormsFromDictionary|x86.ActiveCfg = ReleaseGetWordFormsFromDictionary|Win32
		{0976018C-FB91-4437-B862-B230C0DF4874}.GetWordFormsFromDictionary|x86.Build.0 = ReleaseGetWordFormsFromDictionary|Win32
		{0976018C-FB91-4437-B862-B230C0DF4874}.patternAnalysis|Any CPU.ActiveCfg = patternAnalysis|Win32
		{0976018C-FB91-4437-B862-B230C0DF4874}.patternAnalysis|x64.ActiveCfg = patternAnalysis|x64
		{0976018C-FB91-4437-B862-B230C0DF4874}.patternAnalysis|x64.Build.0 = patternAnalysis|x64
		{0976018C-FB91-4437-B862-B230C0DF4874}.patternAnalysis|x86.ActiveCfg = patternAnalysis|Win32
		{0976018C-FB91-4437-B862-B230C0DF4874}.patternAnalysis|x86.Build.0 = patternAnalysis|Win32
		{0976018C-FB91-4437-B862-B230C0DF4874}.StanfordCheckAllSources|Any CPU.ActiveCfg = Release|Win32
		{0976018C-FB91-4437-B862-B230C0DF4874}.StanfordCheckAllSources|x64.ActiveCfg = Release|x64
		{0976018C-FB91-4437-B862-B230C0DF4874}.StanfordCheckAllSources|x64.Build.0 = Release|x64
		{0976018C-FB91-4437-B862-B230C0DF4874}.StanfordCheckAllSources|x86.ActiveCfg = Release|Win32
		{0976018C-FB91-4437-B862-B230C0DF4874}.StanfordCheckAllSources|x86.Build.0 = Release|Win32
		{0976018C-FB91-4437-B862-B230C0DF4874}.StanfordCheckParseTest|Any CPU.ActiveCfg = ReleaseForDebugging|x64
		{0976018C-FB91-4437-B862-B230C0DF4874}.StanfordCheckParseTest|Any CPU.Build.0 = ReleaseForDebugging|x64
		{0976018C-FB91-4437-B862-B230C0DF4874}.StanfordCheckParseTest|x64.ActiveCfg = ReleaseForDebugging|x64
		{0976018C-FB91-4437-B862-B230C0DF4874}.StanfordCheckParseTest|x64.Build.0 = ReleaseForDebugging|x64
		{0976018C-FB91-4437-B862-B230C0DF4874}.StanfordCheckParseTest|x86.ActiveCfg = ReleaseForDebugging|Win32
		{0976018C-FB91-4437-B862-B230C0DF4874}.StanfordCheckParseTest|x86.Build.0 = ReleaseForDebugging|Win32
		{7CE71645-B149-4CA7-8ABE-36C2B576CF6A}.GetWordFormsFromDictionary|Any CPU.ActiveCfg = ReleaseGetWordFormsFromDictionary|Win32
		{7CE71645-B149-4CA7-8ABE-36C2B576CF6A}.GetWordFormsFromDictionary|x64.ActiveCfg = ReleaseGetWordFormsFromDictionary|x64
		{7CE71645-B149-4CA7-8ABE-36C2B576CF6A}.GetWordFormsFromDictionary|x64.Build.0 = ReleaseGetWordFormsFromDictionary|x64
		{7CE71645-B149-4CA7-8ABE-36C2B576CF6A}.GetWordFormsFromDictionary|x86.ActiveCfg = ReleaseGetWordFormsFromDictionary|Win32
		{7CE71645-B149-4CA7-8ABE-36C2B576CF6A}.GetWordFormsFromDictionary|x86.Build.0 = ReleaseGetWordFormsFromDictionary|Win32
		{7CE71645-B149-4CA7-8ABE-36C2B576CF6A}.patternAnalysis|Any CPU.ActiveCfg = patternAnalysis|Win32
		{7CE71645-B149-4CA7-8ABE-36C2B576CF6A}.patternAnalysis|x64.ActiveCfg = patternAnalysis|x64
		{7CE71645-B149-4CA7-8ABE-36C2B576CF6A}.patternAnalysis|x64.Build.0 = patternAnalysis|x64
		{7CE71645-B149-4CA7-8ABE-36C2B576CF6A}.patternAnalysis|x86.ActiveCfg = patternAnalysis|Win32
		{7CE71645-B149-4CA7-8ABE-36C2B576CF6A}.patternAnalysis|x86.Build.0 = patternAnalysis|Win32
		{7CE71645-B149-4CA7-8ABE-36C2B576CF6A}.StanfordCheckAllSources|Any CPU.ActiveCfg = Release|Win32
		{7CE71645-B149-4CA7-8ABE-36C2B576CF6A}.StanfordCheckAllSources|x64.ActiveCfg = Release|x64
		{7CE71645-B149-4CA7-8ABE-36C2B576CF6A}.StanfordCheckAllSources|x64.Build.0 = Release|x64
		{7CE71645-B149-4CA7-8ABE-36C2B576CF6A}.StanfordCheckAllSources|x86.ActiveCfg = Release|Win32
		{7CE71645-B149-4CA7-8ABE-36C2B576CF6A}.StanfordCheckAllSources|x86.Build.0 = Release|Win32
		{7CE71645-B149-4CA7-8ABE-36C2B576CF6A}.StanfordCheckParseTest|Any CPU.ActiveCfg = ReleaseForDebugging|x64
		{7CE71645-B149-4CA7-8ABE-36C2B576CF6A}.StanfordCheckParseTest|Any CPU.Build.0 = ReleaseForDebugging|x64
		{7CE71645-B149-4CA7-8ABE-36C2B576CF6A}.StanfordCheckParseTest|x64.ActiveCfg = ReleaseForDebugging|x64
		{7CE71645-B149-4CA7-8ABE-36C2B576CF6A}.StanfordCheckParseTest|x64.Build.0 = ReleaseForDebugging|x64
		{7CE71645-B149-4CA7-8ABE-36C2B576CF6A}.StanfordCheckParseTest|x86.ActiveCfg = ReleaseForDebugging|Win32
		{7CE71645-B149-4CA7-8ABE-36C2B576CF6A}.StanfordCheckParseTest|x86.Build.0 = ReleaseForDebugging|Win32
	EndGlobalSection
	GlobalSection(SolutionProperties) = preSolution
		HideSolutionNode = FALSE
	EndGlobalSection
	GlobalSection(ExtensibilityGlobals) = postSolution
		SolutionGuid = {69A5E6D4-8D4E-40C2-A43D-58B3749BD642}
	EndGlobalSection
EndGlobal
